
Microsoft Visual Studio Solution File, Format Version 12.00
# Visual Studio Version 17
VisualStudioVersion = 17.10.35013.160
MinimumVisualStudioVersion = 10.0.40219.1
Project("{FAE04EC0-301F-11D3-BF4B-00C04F79EFBC}") = "FDEVS.Desafio", "FDEVS.Desafio\FDEVS.Desafio.csproj", "{D49A0F98-0464-4B30-AA59-EFBD833E4506}"
EndProject
Global
	GlobalSection(SolutionConfigurationPlatforms) = preSolution
		Debug|Any CPU = Debug|Any CPU
		Release|Any CPU = Release|Any CPU
	EndGlobalSection
	GlobalSection(ProjectConfigurationPlatforms) = postSolution
		{D49A0F98-0464-4B30-AA59-EFBD833E4506}.Debug|Any CPU.ActiveCfg = Debug|Any CPU
		{D49A0F98-0464-4B30-AA59-EFBD833E4506}.Debug|Any CPU.Build.0 = Debug|Any CPU
		{D49A0F98-0464-4B30-AA59-EFBD833E4506}.Release|Any CPU.ActiveCfg = Release|Any CPU
		{D49A0F98-0464-4B30-AA59-EFBD833E4506}.Release|Any CPU.Build.0 = Release|Any CPU
	EndGlobalSection
	GlobalSection(SolutionProperties) = preSolution
		HideSolutionNode = FALSE
	EndGlobalSection
	GlobalSection(ExtensibilityGlobals) = postSolution
		SolutionGuid = {DFD830ED-0004-480A-B010-F7537B20F6CF}
	EndGlobalSection
EndGlobal
